// !$*UTF8*$!
{
	archiveVersion = 1;
	classes = {
	};
	objectVersion = 51;
	objects = {

/* Begin PBXBuildFile section */
		08413A68D3AD5E4B744C3537 /* Pods_Lesson1__Shichkin_Roman_.framework in Frameworks */ = {isa = PBXBuildFile; fileRef = 27D3C9BB450589CC49FB26BD /* Pods_Lesson1__Shichkin_Roman_.framework */; };
		8B0D5131265D7CF700EB34E2 /* TokenAndId.swift in Sources */ = {isa = PBXBuildFile; fileRef = 8B0D5130265D7CF700EB34E2 /* TokenAndId.swift */; };
		8B0D5139265D851700EB34E2 /* String.swift in Sources */ = {isa = PBXBuildFile; fileRef = 8B0D5138265D851700EB34E2 /* String.swift */; };
		8B0D513D266416AF00EB34E2 /* AuthViewController.swift in Sources */ = {isa = PBXBuildFile; fileRef = 8B0D513C266416AF00EB34E2 /* AuthViewController.swift */; };
		8B0D513F26644D4E00EB34E2 /* VkAPI.swift in Sources */ = {isa = PBXBuildFile; fileRef = 8B0D513E26644D4E00EB34E2 /* VkAPI.swift */; };
		8B0D514226687EA100EB34E2 /* Data+PrettyJSON.swift in Sources */ = {isa = PBXBuildFile; fileRef = 8B0D514126687EA100EB34E2 /* Data+PrettyJSON.swift */; };
		8B0D514626695D0D00EB34E2 /* UserPhotos.swift in Sources */ = {isa = PBXBuildFile; fileRef = 8B0D514526695D0D00EB34E2 /* UserPhotos.swift */; };
		8B0D514826695DFA00EB34E2 /* Groups.swift in Sources */ = {isa = PBXBuildFile; fileRef = 8B0D514726695DFA00EB34E2 /* Groups.swift */; };
		8B0D514A2669730B00EB34E2 /* FriendsList.swift in Sources */ = {isa = PBXBuildFile; fileRef = 8B0D51492669730B00EB34E2 /* FriendsList.swift */; };
		8B0D514F266D632A00EB34E2 /* Realm.swift in Sources */ = {isa = PBXBuildFile; fileRef = 8B0D514E266D632A00EB34E2 /* Realm.swift */; };
		8B843DBA2637336300AFE6CC /* News.swift in Sources */ = {isa = PBXBuildFile; fileRef = 8B843DB92637336300AFE6CC /* News.swift */; };
		8B843DBE263736E300AFE6CC /* NewsTableViewController.swift in Sources */ = {isa = PBXBuildFile; fileRef = 8B843DBD263736E300AFE6CC /* NewsTableViewController.swift */; };
		8B843DC4263737E400AFE6CC /* NewsTableViewCell.swift in Sources */ = {isa = PBXBuildFile; fileRef = 8B843DC2263737E400AFE6CC /* NewsTableViewCell.swift */; };
		8B843DC5263737E400AFE6CC /* NewsTableViewCell.xib in Resources */ = {isa = PBXBuildFile; fileRef = 8B843DC3263737E400AFE6CC /* NewsTableViewCell.xib */; };
		8B843DCC2639EA8E00AFE6CC /* Animations.swift in Sources */ = {isa = PBXBuildFile; fileRef = 8B843DCB2639EA8E00AFE6CC /* Animations.swift */; };
		8B843DD0263A138D00AFE6CC /* iOSDevCenters+GIF.swift in Sources */ = {isa = PBXBuildFile; fileRef = 8B843DCF263A138D00AFE6CC /* iOSDevCenters+GIF.swift */; };
		8B843E05263A293A00AFE6CC /* loading.gif in Resources */ = {isa = PBXBuildFile; fileRef = 8B843E04263A293A00AFE6CC /* loading.gif */; };
		8B90FCFD262769D2000B4398 /* SetUp.swift in Sources */ = {isa = PBXBuildFile; fileRef = 8B90FCFC262769D2000B4398 /* SetUp.swift */; };
		8B90FD0026276A5B000B4398 /* User.swift in Sources */ = {isa = PBXBuildFile; fileRef = 8B90FCFF26276A5B000B4398 /* User.swift */; };
		8B90FD0426276CF4000B4398 /* Group.swift in Sources */ = {isa = PBXBuildFile; fileRef = 8B90FD0326276CF4000B4398 /* Group.swift */; };
		8B90FD0826276D11000B4398 /* DataStorage.swift in Sources */ = {isa = PBXBuildFile; fileRef = 8B90FD0726276D11000B4398 /* DataStorage.swift */; };
		8B90FD0B26276F21000B4398 /* TabBarController.swift in Sources */ = {isa = PBXBuildFile; fileRef = 8B90FD0A26276F21000B4398 /* TabBarController.swift */; };
		8B90FD0E262774D9000B4398 /* FriendsTableViewController.swift in Sources */ = {isa = PBXBuildFile; fileRef = 8B90FD0D262774D9000B4398 /* FriendsTableViewController.swift */; };
		8B90FD1526277655000B4398 /* FriendsTableViewCell.swift in Sources */ = {isa = PBXBuildFile; fileRef = 8B90FD1326277655000B4398 /* FriendsTableViewCell.swift */; };
		8B90FD1626277655000B4398 /* FriendsTableViewCell.xib in Resources */ = {isa = PBXBuildFile; fileRef = 8B90FD1426277655000B4398 /* FriendsTableViewCell.xib */; };
		8B90FD1B26278477000B4398 /* FotosCollectionViewController.swift in Sources */ = {isa = PBXBuildFile; fileRef = 8B90FD1A26278477000B4398 /* FotosCollectionViewController.swift */; };
		8B90FD2126278689000B4398 /* FotosCollectionViewCell.swift in Sources */ = {isa = PBXBuildFile; fileRef = 8B90FD1F26278689000B4398 /* FotosCollectionViewCell.swift */; };
		8B90FD2226278689000B4398 /* FotosCollectionViewCell.xib in Resources */ = {isa = PBXBuildFile; fileRef = 8B90FD2026278689000B4398 /* FotosCollectionViewCell.xib */; };
		8B90FD2726278EB2000B4398 /* MyGroupsController.swift in Sources */ = {isa = PBXBuildFile; fileRef = 8B90FD2626278EB1000B4398 /* MyGroupsController.swift */; };
		8B90FD2C2627918A000B4398 /* AllGroupsController.swift in Sources */ = {isa = PBXBuildFile; fileRef = 8B90FD2B2627918A000B4398 /* AllGroupsController.swift */; };
		8B90FD352628C254000B4398 /* FotoViewController.swift in Sources */ = {isa = PBXBuildFile; fileRef = 8B90FD342628C254000B4398 /* FotoViewController.swift */; };
		8B933D90261C22A9008D967A /* AppDelegate.swift in Sources */ = {isa = PBXBuildFile; fileRef = 8B933D8F261C22A9008D967A /* AppDelegate.swift */; };
		8B933D92261C22A9008D967A /* SceneDelegate.swift in Sources */ = {isa = PBXBuildFile; fileRef = 8B933D91261C22A9008D967A /* SceneDelegate.swift */; };
		8B933D94261C22A9008D967A /* LoginViewController.swift in Sources */ = {isa = PBXBuildFile; fileRef = 8B933D93261C22A9008D967A /* LoginViewController.swift */; };
		8B933D97261C22A9008D967A /* Main.storyboard in Resources */ = {isa = PBXBuildFile; fileRef = 8B933D95261C22A9008D967A /* Main.storyboard */; };
		8B933D99261C22B2008D967A /* Assets.xcassets in Resources */ = {isa = PBXBuildFile; fileRef = 8B933D98261C22B2008D967A /* Assets.xcassets */; };
		8B933D9C261C22B2008D967A /* LaunchScreen.storyboard in Resources */ = {isa = PBXBuildFile; fileRef = 8B933D9A261C22B2008D967A /* LaunchScreen.storyboard */; };
		8BCB3F29264164DC001F6C7B /* GalleryHorisontalView.swift in Sources */ = {isa = PBXBuildFile; fileRef = 8BCB3F27264164DC001F6C7B /* GalleryHorisontalView.swift */; };
		8BCB3F2A264164DC001F6C7B /* GalleryHorisontalView.xib in Resources */ = {isa = PBXBuildFile; fileRef = 8BCB3F28264164DC001F6C7B /* GalleryHorisontalView.xib */; };
		8BCB3F2E26451242001F6C7B /* TransitionsManager.swift in Sources */ = {isa = PBXBuildFile; fileRef = 8BCB3F2D26451242001F6C7B /* TransitionsManager.swift */; };
/* End PBXBuildFile section */

/* Begin PBXFileReference section */
		27D3C9BB450589CC49FB26BD /* Pods_Lesson1__Shichkin_Roman_.framework */ = {isa = PBXFileReference; explicitFileType = wrapper.framework; includeInIndex = 0; path = Pods_Lesson1__Shichkin_Roman_.framework; sourceTree = BUILT_PRODUCTS_DIR; };
		57D2AE49489059B471595325 /* Pods-Lesson1 (Shichkin Roman).release.xcconfig */ = {isa = PBXFileReference; includeInIndex = 1; lastKnownFileType = text.xcconfig; name = "Pods-Lesson1 (Shichkin Roman).release.xcconfig"; path = "Target Support Files/Pods-Lesson1 (Shichkin Roman)/Pods-Lesson1 (Shichkin Roman).release.xcconfig"; sourceTree = "<group>"; };
		8B0D5130265D7CF700EB34E2 /* TokenAndId.swift */ = {isa = PBXFileReference; lastKnownFileType = sourcecode.swift; path = TokenAndId.swift; sourceTree = "<group>"; };
		8B0D5138265D851700EB34E2 /* String.swift */ = {isa = PBXFileReference; lastKnownFileType = sourcecode.swift; path = String.swift; sourceTree = "<group>"; };
		8B0D513C266416AF00EB34E2 /* AuthViewController.swift */ = {isa = PBXFileReference; lastKnownFileType = sourcecode.swift; path = AuthViewController.swift; sourceTree = "<group>"; };
		8B0D513E26644D4E00EB34E2 /* VkAPI.swift */ = {isa = PBXFileReference; lastKnownFileType = sourcecode.swift; path = VkAPI.swift; sourceTree = "<group>"; };
		8B0D514126687EA100EB34E2 /* Data+PrettyJSON.swift */ = {isa = PBXFileReference; lastKnownFileType = sourcecode.swift; path = "Data+PrettyJSON.swift"; sourceTree = "<group>"; };
		8B0D514526695D0D00EB34E2 /* UserPhotos.swift */ = {isa = PBXFileReference; lastKnownFileType = sourcecode.swift; path = UserPhotos.swift; sourceTree = "<group>"; };
		8B0D514726695DFA00EB34E2 /* Groups.swift */ = {isa = PBXFileReference; lastKnownFileType = sourcecode.swift; path = Groups.swift; sourceTree = "<group>"; };
		8B0D51492669730B00EB34E2 /* FriendsList.swift */ = {isa = PBXFileReference; lastKnownFileType = sourcecode.swift; path = FriendsList.swift; sourceTree = "<group>"; };
		8B0D514E266D632A00EB34E2 /* Realm.swift */ = {isa = PBXFileReference; lastKnownFileType = sourcecode.swift; path = Realm.swift; sourceTree = "<group>"; };
		8B843DB92637336300AFE6CC /* News.swift */ = {isa = PBXFileReference; lastKnownFileType = sourcecode.swift; path = News.swift; sourceTree = "<group>"; };
		8B843DBD263736E300AFE6CC /* NewsTableViewController.swift */ = {isa = PBXFileReference; lastKnownFileType = sourcecode.swift; path = NewsTableViewController.swift; sourceTree = "<group>"; };
		8B843DC2263737E400AFE6CC /* NewsTableViewCell.swift */ = {isa = PBXFileReference; lastKnownFileType = sourcecode.swift; path = NewsTableViewCell.swift; sourceTree = "<group>"; };
		8B843DC3263737E400AFE6CC /* NewsTableViewCell.xib */ = {isa = PBXFileReference; lastKnownFileType = file.xib; path = NewsTableViewCell.xib; sourceTree = "<group>"; };
		8B843DCB2639EA8E00AFE6CC /* Animations.swift */ = {isa = PBXFileReference; lastKnownFileType = sourcecode.swift; path = Animations.swift; sourceTree = "<group>"; };
		8B843DCF263A138D00AFE6CC /* iOSDevCenters+GIF.swift */ = {isa = PBXFileReference; lastKnownFileType = sourcecode.swift; path = "iOSDevCenters+GIF.swift"; sourceTree = "<group>"; };
		8B843E04263A293A00AFE6CC /* loading.gif */ = {isa = PBXFileReference; lastKnownFileType = image.gif; path = loading.gif; sourceTree = "<group>"; };
		8B90FCFC262769D2000B4398 /* SetUp.swift */ = {isa = PBXFileReference; lastKnownFileType = sourcecode.swift; path = SetUp.swift; sourceTree = "<group>"; };
		8B90FCFF26276A5B000B4398 /* User.swift */ = {isa = PBXFileReference; lastKnownFileType = sourcecode.swift; path = User.swift; sourceTree = "<group>"; };
		8B90FD0326276CF4000B4398 /* Group.swift */ = {isa = PBXFileReference; lastKnownFileType = sourcecode.swift; path = Group.swift; sourceTree = "<group>"; };
		8B90FD0726276D11000B4398 /* DataStorage.swift */ = {isa = PBXFileReference; lastKnownFileType = sourcecode.swift; path = DataStorage.swift; sourceTree = "<group>"; };
		8B90FD0A26276F21000B4398 /* TabBarController.swift */ = {isa = PBXFileReference; lastKnownFileType = sourcecode.swift; path = TabBarController.swift; sourceTree = "<group>"; };
		8B90FD0D262774D9000B4398 /* FriendsTableViewController.swift */ = {isa = PBXFileReference; lastKnownFileType = sourcecode.swift; path = FriendsTableViewController.swift; sourceTree = "<group>"; };
		8B90FD1326277655000B4398 /* FriendsTableViewCell.swift */ = {isa = PBXFileReference; lastKnownFileType = sourcecode.swift; path = FriendsTableViewCell.swift; sourceTree = "<group>"; };
		8B90FD1426277655000B4398 /* FriendsTableViewCell.xib */ = {isa = PBXFileReference; lastKnownFileType = file.xib; path = FriendsTableViewCell.xib; sourceTree = "<group>"; };
		8B90FD1A26278477000B4398 /* FotosCollectionViewController.swift */ = {isa = PBXFileReference; lastKnownFileType = sourcecode.swift; path = FotosCollectionViewController.swift; sourceTree = "<group>"; };
		8B90FD1F26278689000B4398 /* FotosCollectionViewCell.swift */ = {isa = PBXFileReference; lastKnownFileType = sourcecode.swift; path = FotosCollectionViewCell.swift; sourceTree = "<group>"; };
		8B90FD2026278689000B4398 /* FotosCollectionViewCell.xib */ = {isa = PBXFileReference; lastKnownFileType = file.xib; path = FotosCollectionViewCell.xib; sourceTree = "<group>"; };
		8B90FD2626278EB1000B4398 /* MyGroupsController.swift */ = {isa = PBXFileReference; lastKnownFileType = sourcecode.swift; path = MyGroupsController.swift; sourceTree = "<group>"; };
		8B90FD2B2627918A000B4398 /* AllGroupsController.swift */ = {isa = PBXFileReference; lastKnownFileType = sourcecode.swift; path = AllGroupsController.swift; sourceTree = "<group>"; };
		8B90FD342628C254000B4398 /* FotoViewController.swift */ = {isa = PBXFileReference; lastKnownFileType = sourcecode.swift; path = FotoViewController.swift; sourceTree = "<group>"; };
		8B933D8C261C22A9008D967A /* Lesson1 (Shichkin Roman).app */ = {isa = PBXFileReference; explicitFileType = wrapper.application; includeInIndex = 0; path = "Lesson1 (Shichkin Roman).app"; sourceTree = BUILT_PRODUCTS_DIR; };
		8B933D8F261C22A9008D967A /* AppDelegate.swift */ = {isa = PBXFileReference; lastKnownFileType = sourcecode.swift; path = AppDelegate.swift; sourceTree = "<group>"; };
		8B933D91261C22A9008D967A /* SceneDelegate.swift */ = {isa = PBXFileReference; lastKnownFileType = sourcecode.swift; path = SceneDelegate.swift; sourceTree = "<group>"; };
		8B933D93261C22A9008D967A /* LoginViewController.swift */ = {isa = PBXFileReference; lastKnownFileType = sourcecode.swift; path = LoginViewController.swift; sourceTree = "<group>"; };
		8B933D96261C22A9008D967A /* Base */ = {isa = PBXFileReference; lastKnownFileType = file.storyboard; name = Base; path = Base.lproj/Main.storyboard; sourceTree = "<group>"; };
		8B933D98261C22B2008D967A /* Assets.xcassets */ = {isa = PBXFileReference; lastKnownFileType = folder.assetcatalog; path = Assets.xcassets; sourceTree = "<group>"; };
		8B933D9B261C22B2008D967A /* Base */ = {isa = PBXFileReference; lastKnownFileType = file.storyboard; name = Base; path = Base.lproj/LaunchScreen.storyboard; sourceTree = "<group>"; };
		8B933D9D261C22B2008D967A /* Info.plist */ = {isa = PBXFileReference; lastKnownFileType = text.plist.xml; path = Info.plist; sourceTree = "<group>"; };
		8BCB3F27264164DC001F6C7B /* GalleryHorisontalView.swift */ = {isa = PBXFileReference; lastKnownFileType = sourcecode.swift; path = GalleryHorisontalView.swift; sourceTree = "<group>"; };
		8BCB3F28264164DC001F6C7B /* GalleryHorisontalView.xib */ = {isa = PBXFileReference; lastKnownFileType = file.xib; path = GalleryHorisontalView.xib; sourceTree = "<group>"; };
		8BCB3F2D26451242001F6C7B /* TransitionsManager.swift */ = {isa = PBXFileReference; lastKnownFileType = sourcecode.swift; path = TransitionsManager.swift; sourceTree = "<group>"; };
		CAFB8119F7F4AC2A1AB54C49 /* Pods-Lesson1 (Shichkin Roman).debug.xcconfig */ = {isa = PBXFileReference; includeInIndex = 1; lastKnownFileType = text.xcconfig; name = "Pods-Lesson1 (Shichkin Roman).debug.xcconfig"; path = "Target Support Files/Pods-Lesson1 (Shichkin Roman)/Pods-Lesson1 (Shichkin Roman).debug.xcconfig"; sourceTree = "<group>"; };
/* End PBXFileReference section */

/* Begin PBXFrameworksBuildPhase section */
		8B933D89261C22A9008D967A /* Frameworks */ = {
			isa = PBXFrameworksBuildPhase;
			buildActionMask = 2147483647;
			files = (
				08413A68D3AD5E4B744C3537 /* Pods_Lesson1__Shichkin_Roman_.framework in Frameworks */,
			);
			runOnlyForDeploymentPostprocessing = 0;
		};
/* End PBXFrameworksBuildPhase section */

/* Begin PBXGroup section */
		2FBBA597C6EDE23D1C076DFC /* Pods */ = {
			isa = PBXGroup;
			children = (
				CAFB8119F7F4AC2A1AB54C49 /* Pods-Lesson1 (Shichkin Roman).debug.xcconfig */,
				57D2AE49489059B471595325 /* Pods-Lesson1 (Shichkin Roman).release.xcconfig */,
			);
			path = Pods;
			sourceTree = "<group>";
		};
		8B0D512D265D7C9600EB34E2 /* Service */ = {
			isa = PBXGroup;
			children = (
				8B0D5130265D7CF700EB34E2 /* TokenAndId.swift */,
			);
			path = Service;
			sourceTree = "<group>";
		};
		8B0D512E265D7CAD00EB34E2 /* Lession-1 */ = {
			isa = PBXGroup;
			children = (
				8B0D512F265D7CC100EB34E2 /* Singleton */,
			);
			path = "Lession-1";
			sourceTree = "<group>";
		};
		8B0D512F265D7CC100EB34E2 /* Singleton */ = {
			isa = PBXGroup;
			children = (
				8B0D512D265D7C9600EB34E2 /* Service */,
			);
			path = Singleton;
			sourceTree = "<group>";
		};
		8B0D513A265D851E00EB34E2 /* Extensions */ = {
			isa = PBXGroup;
			children = (
				8B0D5138265D851700EB34E2 /* String.swift */,
				8B0D514126687EA100EB34E2 /* Data+PrettyJSON.swift */,
			);
			path = Extensions;
			sourceTree = "<group>";
		};
		8B0D513B2664164C00EB34E2 /* Lession-2 */ = {
			isa = PBXGroup;
			children = (
				8B0D513E26644D4E00EB34E2 /* VkAPI.swift */,
				8B0D513C266416AF00EB34E2 /* AuthViewController.swift */,
			);
			path = "Lession-2";
			sourceTree = "<group>";
		};
		8B0D514026687A6300EB34E2 /* Lession-3 */ = {
			isa = PBXGroup;
			children = (
				8B0D51492669730B00EB34E2 /* FriendsList.swift */,
				8B0D514526695D0D00EB34E2 /* UserPhotos.swift */,
				8B0D514726695DFA00EB34E2 /* Groups.swift */,
			);
			path = "Lession-3";
			sourceTree = "<group>";
		};
		8B0D514D266D630700EB34E2 /* Lession-4 */ = {
			isa = PBXGroup;
			children = (
				8B0D514E266D632A00EB34E2 /* Realm.swift */,
			);
			path = "Lession-4";
			sourceTree = "<group>";
		};
		8B843DBC2637367D00AFE6CC /* NewsTableViewController */ = {
			isa = PBXGroup;
			children = (
				8B843DC1263737A400AFE6CC /* Cells */,
				8B843DBD263736E300AFE6CC /* NewsTableViewController.swift */,
			);
			path = NewsTableViewController;
			sourceTree = "<group>";
		};
		8B843DC1263737A400AFE6CC /* Cells */ = {
			isa = PBXGroup;
			children = (
				8B843DC2263737E400AFE6CC /* NewsTableViewCell.swift */,
				8B843DC3263737E400AFE6CC /* NewsTableViewCell.xib */,
			);
			path = Cells;
			sourceTree = "<group>";
		};
		8B90FD1026277549000B4398 /* Controllers */ = {
			isa = PBXGroup;
			children = (
				8BCB3EF02641402F001F6C7B /* GalleryHorisontalViewController */,
				8B843DBC2637367D00AFE6CC /* NewsTableViewController */,
				8B90FD2A26279162000B4398 /* AllGroupsController */,
				8B90FD2526278E7A000B4398 /* MyGroupsController */,
				8B90FD192627842C000B4398 /* FotosCollectionViewController */,
				8B90FD1126277556000B4398 /* FriendsTabelViewController */,
			);
			path = Controllers;
			sourceTree = "<group>";
		};
		8B90FD1126277556000B4398 /* FriendsTabelViewController */ = {
			isa = PBXGroup;
			children = (
				8B90FD122627756F000B4398 /* Cells */,
				8B90FD0D262774D9000B4398 /* FriendsTableViewController.swift */,
			);
			path = FriendsTabelViewController;
			sourceTree = "<group>";
		};
		8B90FD122627756F000B4398 /* Cells */ = {
			isa = PBXGroup;
			children = (
				8B90FD1326277655000B4398 /* FriendsTableViewCell.swift */,
				8B90FD1426277655000B4398 /* FriendsTableViewCell.xib */,
			);
			path = Cells;
			sourceTree = "<group>";
		};
		8B90FD192627842C000B4398 /* FotosCollectionViewController */ = {
			isa = PBXGroup;
			children = (
				8B90FD1E26278662000B4398 /* Cells */,
				8B90FD1A26278477000B4398 /* FotosCollectionViewController.swift */,
			);
			path = FotosCollectionViewController;
			sourceTree = "<group>";
		};
		8B90FD1E26278662000B4398 /* Cells */ = {
			isa = PBXGroup;
			children = (
				8B90FD1F26278689000B4398 /* FotosCollectionViewCell.swift */,
				8B90FD2026278689000B4398 /* FotosCollectionViewCell.xib */,
			);
			path = Cells;
			sourceTree = "<group>";
		};
		8B90FD2526278E7A000B4398 /* MyGroupsController */ = {
			isa = PBXGroup;
			children = (
				8B90FD2626278EB1000B4398 /* MyGroupsController.swift */,
			);
			path = MyGroupsController;
			sourceTree = "<group>";
		};
		8B90FD2A26279162000B4398 /* AllGroupsController */ = {
			isa = PBXGroup;
			children = (
				8B90FD2B2627918A000B4398 /* AllGroupsController.swift */,
			);
			path = AllGroupsController;
			sourceTree = "<group>";
		};
		8B90FD2F26279788000B4398 /* Model */ = {
			isa = PBXGroup;
			children = (
				8B90FCFF26276A5B000B4398 /* User.swift */,
				8B90FD0326276CF4000B4398 /* Group.swift */,
				8B90FD0726276D11000B4398 /* DataStorage.swift */,
				8B843DB92637336300AFE6CC /* News.swift */,
			);
			path = Model;
			sourceTree = "<group>";
		};
		8B933D83261C22A9008D967A = {
			isa = PBXGroup;
			children = (
				8B933D8E261C22A9008D967A /* Lesson1 (Shichkin Roman) */,
				8B933D8D261C22A9008D967A /* Products */,
				2FBBA597C6EDE23D1C076DFC /* Pods */,
				C8E0FC6945BD015B77C8D6A5 /* Frameworks */,
			);
			sourceTree = "<group>";
		};
		8B933D8D261C22A9008D967A /* Products */ = {
			isa = PBXGroup;
			children = (
				8B933D8C261C22A9008D967A /* Lesson1 (Shichkin Roman).app */,
			);
			name = Products;
			sourceTree = "<group>";
		};
		8B933D8E261C22A9008D967A /* Lesson1 (Shichkin Roman) */ = {
			isa = PBXGroup;
			children = (
				8B0D512E265D7CAD00EB34E2 /* Lession-1 */,
				8B0D513B2664164C00EB34E2 /* Lession-2 */,
				8B0D514026687A6300EB34E2 /* Lession-3 */,
				8B0D514D266D630700EB34E2 /* Lession-4 */,
				8B90FD2F26279788000B4398 /* Model */,
				8B933D8F261C22A9008D967A /* AppDelegate.swift */,
				8B933D91261C22A9008D967A /* SceneDelegate.swift */,
				8B933D93261C22A9008D967A /* LoginViewController.swift */,
				8B0D513A265D851E00EB34E2 /* Extensions */,
				8B933D95261C22A9008D967A /* Main.storyboard */,
				8B90FD1026277549000B4398 /* Controllers */,
				8B90FD0A26276F21000B4398 /* TabBarController.swift */,
				8B90FCFC262769D2000B4398 /* SetUp.swift */,
				8B933D98261C22B2008D967A /* Assets.xcassets */,
				8B933D9A261C22B2008D967A /* LaunchScreen.storyboard */,
				8B933D9D261C22B2008D967A /* Info.plist */,
				8B843E04263A293A00AFE6CC /* loading.gif */,
				8B843DCB2639EA8E00AFE6CC /* Animations.swift */,
				8B843DCF263A138D00AFE6CC /* iOSDevCenters+GIF.swift */,
				8BCB3F2D26451242001F6C7B /* TransitionsManager.swift */,
			);
			path = "Lesson1 (Shichkin Roman)";
			sourceTree = "<group>";
		};
		8BCB3EF02641402F001F6C7B /* GalleryHorisontalViewController */ = {
			isa = PBXGroup;
			children = (
				8B90FD342628C254000B4398 /* FotoViewController.swift */,
				8BCB3F27264164DC001F6C7B /* GalleryHorisontalView.swift */,
				8BCB3F28264164DC001F6C7B /* GalleryHorisontalView.xib */,
			);
			path = GalleryHorisontalViewController;
			sourceTree = "<group>";
		};
		C8E0FC6945BD015B77C8D6A5 /* Frameworks */ = {
			isa = PBXGroup;
			children = (
				27D3C9BB450589CC49FB26BD /* Pods_Lesson1__Shichkin_Roman_.framework */,
			);
			name = Frameworks;
			sourceTree = "<group>";
		};
/* End PBXGroup section */

/* Begin PBXNativeTarget section */
		8B933D8B261C22A9008D967A /* Lesson1 (Shichkin Roman) */ = {
			isa = PBXNativeTarget;
			buildConfigurationList = 8B933DA0261C22B2008D967A /* Build configuration list for PBXNativeTarget "Lesson1 (Shichkin Roman)" */;
			buildPhases = (
				98FDD0FC958086A82499B5AA /* [CP] Check Pods Manifest.lock */,
				8B933D88261C22A9008D967A /* Sources */,
				8B933D89261C22A9008D967A /* Frameworks */,
				8B933D8A261C22A9008D967A /* Resources */,
				89734E9AF10D39B28B547E36 /* [CP] Embed Pods Frameworks */,
			);
			buildRules = (
			);
			dependencies = (
			);
			name = "Lesson1 (Shichkin Roman)";
			productName = "Lesson1 (Shichkin Roman)";
			productReference = 8B933D8C261C22A9008D967A /* Lesson1 (Shichkin Roman).app */;
			productType = "com.apple.product-type.application";
		};
/* End PBXNativeTarget section */

/* Begin PBXProject section */
		8B933D84261C22A9008D967A /* Project object */ = {
			isa = PBXProject;
			attributes = {
				LastSwiftUpdateCheck = 1240;
				LastUpgradeCheck = 1240;
				TargetAttributes = {
					8B933D8B261C22A9008D967A = {
						CreatedOnToolsVersion = 12.4;
					};
				};
			};
			buildConfigurationList = 8B933D87261C22A9008D967A /* Build configuration list for PBXProject "Lesson1 (Shichkin Roman)" */;
			compatibilityVersion = "Xcode 9.3";
			developmentRegion = en;
			hasScannedForEncodings = 0;
			knownRegions = (
				en,
				Base,
			);
			mainGroup = 8B933D83261C22A9008D967A;
			productRefGroup = 8B933D8D261C22A9008D967A /* Products */;
			projectDirPath = "";
			projectRoot = "";
			targets = (
				8B933D8B261C22A9008D967A /* Lesson1 (Shichkin Roman) */,
			);
		};
/* End PBXProject section */

/* Begin PBXResourcesBuildPhase section */
		8B933D8A261C22A9008D967A /* Resources */ = {
			isa = PBXResourcesBuildPhase;
			buildActionMask = 2147483647;
			files = (
				8BCB3F2A264164DC001F6C7B /* GalleryHorisontalView.xib in Resources */,
				8B933D9C261C22B2008D967A /* LaunchScreen.storyboard in Resources */,
				8B933D99261C22B2008D967A /* Assets.xcassets in Resources */,
				8B933D97261C22A9008D967A /* Main.storyboard in Resources */,
				8B90FD2226278689000B4398 /* FotosCollectionViewCell.xib in Resources */,
				8B843E05263A293A00AFE6CC /* loading.gif in Resources */,
				8B843DC5263737E400AFE6CC /* NewsTableViewCell.xib in Resources */,
				8B90FD1626277655000B4398 /* FriendsTableViewCell.xib in Resources */,
			);
			runOnlyForDeploymentPostprocessing = 0;
		};
/* End PBXResourcesBuildPhase section */

/* Begin PBXShellScriptBuildPhase section */
		89734E9AF10D39B28B547E36 /* [CP] Embed Pods Frameworks */ = {
			isa = PBXShellScriptBuildPhase;
			buildActionMask = 2147483647;
			files = (
			);
			inputFileListPaths = (
				"${PODS_ROOT}/Target Support Files/Pods-Lesson1 (Shichkin Roman)/Pods-Lesson1 (Shichkin Roman)-frameworks-${CONFIGURATION}-input-files.xcfilelist",
			);
			name = "[CP] Embed Pods Frameworks";
			outputFileListPaths = (
				"${PODS_ROOT}/Target Support Files/Pods-Lesson1 (Shichkin Roman)/Pods-Lesson1 (Shichkin Roman)-frameworks-${CONFIGURATION}-output-files.xcfilelist",
			);
			runOnlyForDeploymentPostprocessing = 0;
			shellPath = /bin/sh;
			shellScript = "\"${PODS_ROOT}/Target Support Files/Pods-Lesson1 (Shichkin Roman)/Pods-Lesson1 (Shichkin Roman)-frameworks.sh\"\n";
			showEnvVarsInLog = 0;
		};
		98FDD0FC958086A82499B5AA /* [CP] Check Pods Manifest.lock */ = {
			isa = PBXShellScriptBuildPhase;
			buildActionMask = 2147483647;
			files = (
			);
			inputFileListPaths = (
			);
			inputPaths = (
				"${PODS_PODFILE_DIR_PATH}/Podfile.lock",
				"${PODS_ROOT}/Manifest.lock",
			);
			name = "[CP] Check Pods Manifest.lock";
			outputFileListPaths = (
			);
			outputPaths = (
				"$(DERIVED_FILE_DIR)/Pods-Lesson1 (Shichkin Roman)-checkManifestLockResult.txt",
			);
			runOnlyForDeploymentPostprocessing = 0;
			shellPath = /bin/sh;
			shellScript = "diff \"${PODS_PODFILE_DIR_PATH}/Podfile.lock\" \"${PODS_ROOT}/Manifest.lock\" > /dev/null\nif [ $? != 0 ] ; then\n    # print error to STDERR\n    echo \"error: The sandbox is not in sync with the Podfile.lock. Run 'pod install' or update your CocoaPods installation.\" >&2\n    exit 1\nfi\n# This output is used by Xcode 'outputs' to avoid re-running this script phase.\necho \"SUCCESS\" > \"${SCRIPT_OUTPUT_FILE_0}\"\n";
			showEnvVarsInLog = 0;
		};
/* End PBXShellScriptBuildPhase section */

/* Begin PBXSourcesBuildPhase section */
		8B933D88261C22A9008D967A /* Sources */ = {
			isa = PBXSourcesBuildPhase;
			buildActionMask = 2147483647;
			files = (
				8B933D94261C22A9008D967A /* LoginViewController.swift in Sources */,
				8B0D514626695D0D00EB34E2 /* UserPhotos.swift in Sources */,
				8B843DD0263A138D00AFE6CC /* iOSDevCenters+GIF.swift in Sources */,
				8B0D514A2669730B00EB34E2 /* FriendsList.swift in Sources */,
				8B90FD352628C254000B4398 /* FotoViewController.swift in Sources */,
				8B843DBA2637336300AFE6CC /* News.swift in Sources */,
				8B0D513F26644D4E00EB34E2 /* VkAPI.swift in Sources */,
				8B843DBE263736E300AFE6CC /* NewsTableViewController.swift in Sources */,
				8B90FD0B26276F21000B4398 /* TabBarController.swift in Sources */,
				8B0D5139265D851700EB34E2 /* String.swift in Sources */,
				8B90FD0E262774D9000B4398 /* FriendsTableViewController.swift in Sources */,
				8B90FD1526277655000B4398 /* FriendsTableViewCell.swift in Sources */,
				8B90FD2726278EB2000B4398 /* MyGroupsController.swift in Sources */,
				8B843DC4263737E400AFE6CC /* NewsTableViewCell.swift in Sources */,
				8B933D90261C22A9008D967A /* AppDelegate.swift in Sources */,
				8B90FD1B26278477000B4398 /* FotosCollectionViewController.swift in Sources */,
				8B90FD2C2627918A000B4398 /* AllGroupsController.swift in Sources */,
				8B0D514F266D632A00EB34E2 /* Realm.swift in Sources */,
				8B933D92261C22A9008D967A /* SceneDelegate.swift in Sources */,
				8B843DCC2639EA8E00AFE6CC /* Animations.swift in Sources */,
				8B90FD0426276CF4000B4398 /* Group.swift in Sources */,
				8B0D513D266416AF00EB34E2 /* AuthViewController.swift in Sources */,
				8BCB3F2E26451242001F6C7B /* TransitionsManager.swift in Sources */,
				8BCB3F29264164DC001F6C7B /* GalleryHorisontalView.swift in Sources */,
				8B0D514826695DFA00EB34E2 /* Groups.swift in Sources */,
				8B90FD0026276A5B000B4398 /* User.swift in Sources */,
				8B0D5131265D7CF700EB34E2 /* TokenAndId.swift in Sources */,
				8B90FD0826276D11000B4398 /* DataStorage.swift in Sources */,
				8B0D514226687EA100EB34E2 /* Data+PrettyJSON.swift in Sources */,
				8B90FD2126278689000B4398 /* FotosCollectionViewCell.swift in Sources */,
				8B90FCFD262769D2000B4398 /* SetUp.swift in Sources */,
			);
			runOnlyForDeploymentPostprocessing = 0;
		};
/* End PBXSourcesBuildPhase section */

/* Begin PBXVariantGroup section */
		8B933D95261C22A9008D967A /* Main.storyboard */ = {
			isa = PBXVariantGroup;
			children = (
				8B933D96261C22A9008D967A /* Base */,
			);
			name = Main.storyboard;
			sourceTree = "<group>";
		};
		8B933D9A261C22B2008D967A /* LaunchScreen.storyboard */ = {
			isa = PBXVariantGroup;
			children = (
				8B933D9B261C22B2008D967A /* Base */,
			);
			name = LaunchScreen.storyboard;
			sourceTree = "<group>";
		};
/* End PBXVariantGroup section */

/* Begin XCBuildConfiguration section */
		8B933D9E261C22B2008D967A /* Debug */ = {
			isa = XCBuildConfiguration;
			buildSettings = {
				ALWAYS_SEARCH_USER_PATHS = NO;
				CLANG_ANALYZER_NONNULL = YES;
				CLANG_ANALYZER_NUMBER_OBJECT_CONVERSION = YES_AGGRESSIVE;
				CLANG_CXX_LANGUAGE_STANDARD = "gnu++14";
				CLANG_CXX_LIBRARY = "libc++";
				CLANG_ENABLE_MODULES = YES;
				CLANG_ENABLE_OBJC_ARC = YES;
				CLANG_ENABLE_OBJC_WEAK = YES;
				CLANG_WARN_BLOCK_CAPTURE_AUTORELEASING = YES;
				CLANG_WARN_BOOL_CONVERSION = YES;
				CLANG_WARN_COMMA = YES;
				CLANG_WARN_CONSTANT_CONVERSION = YES;
				CLANG_WARN_DEPRECATED_OBJC_IMPLEMENTATIONS = YES;
				CLANG_WARN_DIRECT_OBJC_ISA_USAGE = YES_ERROR;
				CLANG_WARN_DOCUMENTATION_COMMENTS = YES;
				CLANG_WARN_EMPTY_BODY = YES;
				CLANG_WARN_ENUM_CONVERSION = YES;
				CLANG_WARN_INFINITE_RECURSION = YES;
				CLANG_WARN_INT_CONVERSION = YES;
				CLANG_WARN_NON_LITERAL_NULL_CONVERSION = YES;
				CLANG_WARN_OBJC_IMPLICIT_RETAIN_SELF = YES;
				CLANG_WARN_OBJC_LITERAL_CONVERSION = YES;
				CLANG_WARN_OBJC_ROOT_CLASS = YES_ERROR;
				CLANG_WARN_QUOTED_INCLUDE_IN_FRAMEWORK_HEADER = YES;
				CLANG_WARN_RANGE_LOOP_ANALYSIS = YES;
				CLANG_WARN_STRICT_PROTOTYPES = YES;
				CLANG_WARN_SUSPICIOUS_MOVE = YES;
				CLANG_WARN_UNGUARDED_AVAILABILITY = YES_AGGRESSIVE;
				CLANG_WARN_UNREACHABLE_CODE = YES;
				CLANG_WARN__DUPLICATE_METHOD_MATCH = YES;
				COPY_PHASE_STRIP = NO;
				DEBUG_INFORMATION_FORMAT = dwarf;
				ENABLE_STRICT_OBJC_MSGSEND = YES;
				ENABLE_TESTABILITY = YES;
				GCC_C_LANGUAGE_STANDARD = gnu11;
				GCC_DYNAMIC_NO_PIC = NO;
				GCC_NO_COMMON_BLOCKS = YES;
				GCC_OPTIMIZATION_LEVEL = 0;
				GCC_PREPROCESSOR_DEFINITIONS = (
					"DEBUG=1",
					"$(inherited)",
				);
				GCC_WARN_64_TO_32_BIT_CONVERSION = YES;
				GCC_WARN_ABOUT_RETURN_TYPE = YES_ERROR;
				GCC_WARN_UNDECLARED_SELECTOR = YES;
				GCC_WARN_UNINITIALIZED_AUTOS = YES_AGGRESSIVE;
				GCC_WARN_UNUSED_FUNCTION = YES;
				GCC_WARN_UNUSED_VARIABLE = YES;
				IPHONEOS_DEPLOYMENT_TARGET = 14.4;
				MTL_ENABLE_DEBUG_INFO = INCLUDE_SOURCE;
				MTL_FAST_MATH = YES;
				ONLY_ACTIVE_ARCH = YES;
				SDKROOT = iphoneos;
				SWIFT_ACTIVE_COMPILATION_CONDITIONS = DEBUG;
				SWIFT_OPTIMIZATION_LEVEL = "-Onone";
			};
			name = Debug;
		};
		8B933D9F261C22B2008D967A /* Release */ = {
			isa = XCBuildConfiguration;
			buildSettings = {
				ALWAYS_SEARCH_USER_PATHS = NO;
				CLANG_ANALYZER_NONNULL = YES;
				CLANG_ANALYZER_NUMBER_OBJECT_CONVERSION = YES_AGGRESSIVE;
				CLANG_CXX_LANGUAGE_STANDARD = "gnu++14";
				CLANG_CXX_LIBRARY = "libc++";
				CLANG_ENABLE_MODULES = YES;
				CLANG_ENABLE_OBJC_ARC = YES;
				CLANG_ENABLE_OBJC_WEAK = YES;
				CLANG_WARN_BLOCK_CAPTURE_AUTORELEASING = YES;
				CLANG_WARN_BOOL_CONVERSION = YES;
				CLANG_WARN_COMMA = YES;
				CLANG_WARN_CONSTANT_CONVERSION = YES;
				CLANG_WARN_DEPRECATED_OBJC_IMPLEMENTATIONS = YES;
				CLANG_WARN_DIRECT_OBJC_ISA_USAGE = YES_ERROR;
				CLANG_WARN_DOCUMENTATION_COMMENTS = YES;
				CLANG_WARN_EMPTY_BODY = YES;
				CLANG_WARN_ENUM_CONVERSION = YES;
				CLANG_WARN_INFINITE_RECURSION = YES;
				CLANG_WARN_INT_CONVERSION = YES;
				CLANG_WARN_NON_LITERAL_NULL_CONVERSION = YES;
				CLANG_WARN_OBJC_IMPLICIT_RETAIN_SELF = YES;
				CLANG_WARN_OBJC_LITERAL_CONVERSION = YES;
				CLANG_WARN_OBJC_ROOT_CLASS = YES_ERROR;
				CLANG_WARN_QUOTED_INCLUDE_IN_FRAMEWORK_HEADER = YES;
				CLANG_WARN_RANGE_LOOP_ANALYSIS = YES;
				CLANG_WARN_STRICT_PROTOTYPES = YES;
				CLANG_WARN_SUSPICIOUS_MOVE = YES;
				CLANG_WARN_UNGUARDED_AVAILABILITY = YES_AGGRESSIVE;
				CLANG_WARN_UNREACHABLE_CODE = YES;
				CLANG_WARN__DUPLICATE_METHOD_MATCH = YES;
				COPY_PHASE_STRIP = NO;
				DEBUG_INFORMATION_FORMAT = "dwarf-with-dsym";
				ENABLE_NS_ASSERTIONS = NO;
				ENABLE_STRICT_OBJC_MSGSEND = YES;
				GCC_C_LANGUAGE_STANDARD = gnu11;
				GCC_NO_COMMON_BLOCKS = YES;
				GCC_WARN_64_TO_32_BIT_CONVERSION = YES;
				GCC_WARN_ABOUT_RETURN_TYPE = YES_ERROR;
				GCC_WARN_UNDECLARED_SELECTOR = YES;
				GCC_WARN_UNINITIALIZED_AUTOS = YES_AGGRESSIVE;
				GCC_WARN_UNUSED_FUNCTION = YES;
				GCC_WARN_UNUSED_VARIABLE = YES;
				IPHONEOS_DEPLOYMENT_TARGET = 14.4;
				MTL_ENABLE_DEBUG_INFO = NO;
				MTL_FAST_MATH = YES;
				SDKROOT = iphoneos;
				SWIFT_COMPILATION_MODE = wholemodule;
				SWIFT_OPTIMIZATION_LEVEL = "-O";
				VALIDATE_PRODUCT = YES;
			};
			name = Release;
		};
		8B933DA1261C22B2008D967A /* Debug */ = {
			isa = XCBuildConfiguration;
			baseConfigurationReference = CAFB8119F7F4AC2A1AB54C49 /* Pods-Lesson1 (Shichkin Roman).debug.xcconfig */;
			buildSettings = {
				ASSETCATALOG_COMPILER_APPICON_NAME = AppIcon;
				ASSETCATALOG_COMPILER_GLOBAL_ACCENT_COLOR_NAME = AccentColor;
				CODE_SIGN_STYLE = Automatic;
				DEVELOPMENT_TEAM = 9Y2G4348B4;
				INFOPLIST_FILE = "Lesson1 (Shichkin Roman)/Info.plist";
				LD_RUNPATH_SEARCH_PATHS = (
					"$(inherited)",
					"@executable_path/Frameworks",
				);
				PRODUCT_BUNDLE_IDENTIFIER = "Roman-Shichkin.Lesson1--Shichkin-Roman-";
				PRODUCT_NAME = "$(TARGET_NAME)";
				SWIFT_VERSION = 5.0;
				TARGETED_DEVICE_FAMILY = "1,2";
			};
			name = Debug;
		};
		8B933DA2261C22B2008D967A /* Release */ = {
			isa = XCBuildConfiguration;
			baseConfigurationReference = 57D2AE49489059B471595325 /* Pods-Lesson1 (Shichkin Roman).release.xcconfig */;
			buildSettings = {
				ASSETCATALOG_COMPILER_APPICON_NAME = AppIcon;
				ASSETCATALOG_COMPILER_GLOBAL_ACCENT_COLOR_NAME = AccentColor;
				CODE_SIGN_STYLE = Automatic;
				DEVELOPMENT_TEAM = 9Y2G4348B4;
				INFOPLIST_FILE = "Lesson1 (Shichkin Roman)/Info.plist";
				LD_RUNPATH_SEARCH_PATHS = (
					"$(inherited)",
					"@executable_path/Frameworks",
				);
				PRODUCT_BUNDLE_IDENTIFIER = "Roman-Shichkin.Lesson1--Shichkin-Roman-";
				PRODUCT_NAME = "$(TARGET_NAME)";
				SWIFT_VERSION = 5.0;
				TARGETED_DEVICE_FAMILY = "1,2";
			};
			name = Release;
		};
/* End XCBuildConfiguration section */

/* Begin XCConfigurationList section */
		8B933D87261C22A9008D967A /* Build configuration list for PBXProject "Lesson1 (Shichkin Roman)" */ = {
			isa = XCConfigurationList;
			buildConfigurations = (
				8B933D9E261C22B2008D967A /* Debug */,
				8B933D9F261C22B2008D967A /* Release */,
			);
			defaultConfigurationIsVisible = 0;
			defaultConfigurationName = Release;
		};
		8B933DA0261C22B2008D967A /* Build configuration list for PBXNativeTarget "Lesson1 (Shichkin Roman)" */ = {
			isa = XCConfigurationList;
			buildConfigurations = (
				8B933DA1261C22B2008D967A /* Debug */,
				8B933DA2261C22B2008D967A /* Release */,
			);
			defaultConfigurationIsVisible = 0;
			defaultConfigurationName = Release;
		};
/* End XCConfigurationList section */
	};
	rootObject = 8B933D84261C22A9008D967A /* Project object */;
}
